
Microsoft Visual Studio Solution File, Format Version 12.00
# Visual Studio Version 17
VisualStudioVersion = 17.2.32317.152
MinimumVisualStudioVersion = 10.0.40219.1
Project("{FAE04EC0-301F-11D3-BF4B-00C04F79EFBC}") = "PokemonGeaux", "PokemonGeaux\PokemonGeaux.csproj", "{12556912-A21B-41AD-8FB9-5F80833DB775}"
EndProject
Global
	GlobalSection(SolutionConfigurationPlatforms) = preSolution
		Debug|Any CPU = Debug|Any CPU
		Release|Any CPU = Release|Any CPU
	EndGlobalSection
	GlobalSection(ProjectConfigurationPlatforms) = postSolution
		{12556912-A21B-41AD-8FB9-5F80833DB775}.Debug|Any CPU.ActiveCfg = Debug|Any CPU
		{12556912-A21B-41AD-8FB9-5F80833DB775}.Debug|Any CPU.Build.0 = Debug|Any CPU
		{12556912-A21B-41AD-8FB9-5F80833DB775}.Release|Any CPU.ActiveCfg = Release|Any CPU
		{12556912-A21B-41AD-8FB9-5F80833DB775}.Release|Any CPU.Build.0 = Release|Any CPU
	EndGlobalSection
	GlobalSection(SolutionProperties) = preSolution
		HideSolutionNode = FALSE
	EndGlobalSection
	GlobalSection(ExtensibilityGlobals) = postSolution
		SolutionGuid = {97761B5B-87C7-4819-9C38-8A39B6BEF846}
	EndGlobalSection
EndGlobal
